
Microsoft Visual Studio Solution File, Format Version 12.00
# Visual Studio 15
VisualStudioVersion = 15.0.28307.421
MinimumVisualStudioVersion = 10.0.40219.1
Project("{FAE04EC0-301F-11D3-BF4B-00C04F79EFBC}") = "KMZI_LRU", "KMZI_LRU\KMZI_LRU.csproj", "{0630EBEB-7F47-4B6A-80DB-9419CDA5E2D9}"
EndProject
Global
	GlobalSection(SolutionConfigurationPlatforms) = preSolution
		Debug|Any CPU = Debug|Any CPU
		Release|Any CPU = Release|Any CPU
	EndGlobalSection
	GlobalSection(ProjectConfigurationPlatforms) = postSolution
		{0630EBEB-7F47-4B6A-80DB-9419CDA5E2D9}.Debug|Any CPU.ActiveCfg = Debug|Any CPU
		{0630EBEB-7F47-4B6A-80DB-9419CDA5E2D9}.Debug|Any CPU.Build.0 = Debug|Any CPU
		{0630EBEB-7F47-4B6A-80DB-9419CDA5E2D9}.Release|Any CPU.ActiveCfg = Release|Any CPU
		{0630EBEB-7F47-4B6A-80DB-9419CDA5E2D9}.Release|Any CPU.Build.0 = Release|Any CPU
	EndGlobalSection
	GlobalSection(SolutionProperties) = preSolution
		HideSolutionNode = FALSE
	EndGlobalSection
	GlobalSection(ExtensibilityGlobals) = postSolution
		SolutionGuid = {F6ABC109-9B57-45A3-A063-19C0B15D65EC}
	EndGlobalSection
EndGlobal
